<?xml version="1.0" encoding="utf-8"?>
<Project ToolsVersion="4.0" xmlns="http://schemas.microsoft.com/developer/msbuild/2003">
  <ItemGroup>
    <Filter Include="Source Code">
      <UniqueIdentifier>{4FC737F1-C7A5-4376-A066-2A32D752A2FF}</UniqueIdentifier>
      <Extensions>cpp;c;cc;cxx;def;odl;idl;hpj;bat;asm;asmx</Extensions>
    </Filter>
    <Filter Include="Headers">
      <UniqueIdentifier>{93995380-89BD-4b04-88EB-625FBE52EBFB}</UniqueIdentifier>
      <Extensions>h;hh;hpp;hxx;hm;inl;inc;ipp;xsd</Extensions>
    </Filter>
    <Filter Include="Resources">
      <UniqueIdentifier>{67DA6AB6-F800-4c08-8B7A-83BB121AAD01}</UniqueIdentifier>
      <Extensions>rc;ico;cur;bmp;dlg;rc2;rct;bin;rgs;gif;jpg;jpeg;jpe;resx;tiff;tif;png;wav;mfcribbon-ms</Extensions>
    </Filter>
  </ItemGroup>
  <ItemGroup>
    <ClInclude Include="src\vk.h">
      <Filter>Headers</Filter>
    </ClInclude>
    <ClInclude Include="src\str.h">
      <Filter>Headers</Filter>
    </ClInclude>
    <ClInclude Include="src\common.h">
      <Filter>Headers</Filter>
    </ClInclude>
    <ClInclude Include="src\cmd.h">
      <Filter>Headers</Filter>
    </ClInclude>
    <ClInclude Include="src\cmds.h">
      <Filter>Headers</Filter>
    </ClInclude>
    <ClInclude Include="src\modules.h">
      <Filter>Headers</Filter>
    </ClInclude>
    <ClInclude Include="src\msg.h">
      <Filter>Headers</Filter>
    </ClInclude>
    <ClInclude Include="src\fs.h">
      <Filter>Headers</Filter>
    </ClInclude>
    <ClInclude Include="src\lp.h">
      <Filter>Headers</Filter>
    </ClInclude>
    <ClInclude Include="src\other.h">
      <Filter>Headers</Filter>
    </ClInclude>
    <ClInclude Include="src\net.h">
      <Filter>Headers</Filter>
    </ClInclude>
    <ClInclude Include="src\3rd_party\json.hpp">
      <Filter>Headers</Filter>
    </ClInclude>
    <ClInclude Include="src\3rd_party\SafeQueue.h">
      <Filter>Headers</Filter>
    </ClInclude>
    <ClInclude Include="src\3rd_party\ThreadPool.h">
      <Filter>Headers</Filter>
    </ClInclude>
  </ItemGroup>
  <ItemGroup>
    <ClCompile Include="src\vk.cpp">
      <Filter>Source Code</Filter>
    </ClCompile>
    <ClCompile Include="src\lp.cpp">
      <Filter>Source Code</Filter>
    </ClCompile>
    <ClCompile Include="src\cmd.cpp">
      <Filter>Source Code</Filter>
    </ClCompile>
    <ClCompile Include="src\cmds.cpp">
      <Filter>Source Code</Filter>
    </ClCompile>
    <ClCompile Include="src\main.cpp">
      <Filter>Source Code</Filter>
    </ClCompile>
    <ClCompile Include="src\fs.cpp">
      <Filter>Source Code</Filter>
    </ClCompile>
    <ClCompile Include="src\modules.cpp">
      <Filter>Source Code</Filter>
    </ClCompile>
    <ClCompile Include="src\msg.cpp">
      <Filter>Source Code</Filter>
    </ClCompile>
    <ClCompile Include="src\net.cpp">
      <Filter>Source Code</Filter>
    </ClCompile>
    <ClCompile Include="src\other.cpp">
      <Filter>Source Code</Filter>
    </ClCompile>
    <ClCompile Include="src\str.cpp">
      <Filter>Source Code</Filter>
    </ClCompile>
  </ItemGroup>
</Project>
